// !$*UTF8*$!
{
	archiveVersion = 1;
	classes = {
	};
	objectVersion = 46;
	objects = {

/* Begin PBXBuildFile section */
		0045D46915439911006BCC22 /* hello.c in Sources */ = {isa = PBXBuildFile; fileRef = 0045D46815439911006BCC22 /* hello.c */; };
		0045D46D154399A3006BCC22 /* hello.h in Headers */ = {isa = PBXBuildFile; fileRef = 0045D46C154399A3006BCC22 /* hello.h */; };
		0045D4B615439E8B006BCC22 /* cdump.h in Headers */ = {isa = PBXBuildFile; fileRef = 0045D47115439E89006BCC22 /* cdump.h */; };
		0045D4B715439E8B006BCC22 /* compile.h in Headers */ = {isa = PBXBuildFile; fileRef = 0045D47215439E89006BCC22 /* compile.h */; };
		0045D4B815439E8B006BCC22 /* dump.h in Headers */ = {isa = PBXBuildFile; fileRef = 0045D47315439E89006BCC22 /* dump.h */; };
		0045D4B915439E8B006BCC22 /* encoding.h in Headers */ = {isa = PBXBuildFile; fileRef = 0045D47415439E89006BCC22 /* encoding.h */; };
		0045D4BA15439E8B006BCC22 /* error.h in Headers */ = {isa = PBXBuildFile; fileRef = 0045D47515439E89006BCC22 /* error.h */; };
		0045D4BB15439E8B006BCC22 /* eval_intern.h in Headers */ = {isa = PBXBuildFile; fileRef = 0045D47615439E89006BCC22 /* eval_intern.h */; };
		0045D4BC15439E8B006BCC22 /* gc.h in Headers */ = {isa = PBXBuildFile; fileRef = 0045D47715439E89006BCC22 /* gc.h */; };
		0045D4BD15439E8B006BCC22 /* irep.h in Headers */ = {isa = PBXBuildFile; fileRef = 0045D47815439E89006BCC22 /* irep.h */; };
		0045D4BE15439E8B006BCC22 /* method.h in Headers */ = {isa = PBXBuildFile; fileRef = 0045D47915439E89006BCC22 /* method.h */; };
		0045D4BF15439E8B006BCC22 /* name2ctype.h in Headers */ = {isa = PBXBuildFile; fileRef = 0045D47A15439E89006BCC22 /* name2ctype.h */; };
		0045D4C015439E8B006BCC22 /* node.h in Headers */ = {isa = PBXBuildFile; fileRef = 0045D47B15439E89006BCC22 /* node.h */; };
		0045D4C115439E8B006BCC22 /* oniguruma.h in Headers */ = {isa = PBXBuildFile; fileRef = 0045D47C15439E89006BCC22 /* oniguruma.h */; };
		0045D4C215439E8B006BCC22 /* opcode.h in Headers */ = {isa = PBXBuildFile; fileRef = 0045D47D15439E89006BCC22 /* opcode.h */; };
		0045D4C315439E8B006BCC22 /* pool.h in Headers */ = {isa = PBXBuildFile; fileRef = 0045D47E15439E89006BCC22 /* pool.h */; };
		0045D4C415439E8B006BCC22 /* re.h in Headers */ = {isa = PBXBuildFile; fileRef = 0045D47F15439E89006BCC22 /* re.h */; };
		0045D4C515439E8B006BCC22 /* regenc.h in Headers */ = {isa = PBXBuildFile; fileRef = 0045D48015439E89006BCC22 /* regenc.h */; };
		0045D4C615439E8B006BCC22 /* regex.h in Headers */ = {isa = PBXBuildFile; fileRef = 0045D48115439E89006BCC22 /* regex.h */; };
		0045D4C715439E8B006BCC22 /* regint.h in Headers */ = {isa = PBXBuildFile; fileRef = 0045D48215439E89006BCC22 /* regint.h */; };
		0045D4C815439E8B006BCC22 /* regparse.h in Headers */ = {isa = PBXBuildFile; fileRef = 0045D48315439E89006BCC22 /* regparse.h */; };
		0045D4C915439E8B006BCC22 /* ritehash.h in Headers */ = {isa = PBXBuildFile; fileRef = 0045D48415439E89006BCC22 /* ritehash.h */; };
		0045D4CA15439E8B006BCC22 /* st.h in Headers */ = {isa = PBXBuildFile; fileRef = 0045D48515439E89006BCC22 /* st.h */; };
		0045D4CB15439E8B006BCC22 /* transcode_data.h in Headers */ = {isa = PBXBuildFile; fileRef = 0045D48615439E89006BCC22 /* transcode_data.h */; };
		0045D4CC15439E8B006BCC22 /* variable.h in Headers */ = {isa = PBXBuildFile; fileRef = 0045D48715439E89006BCC22 /* variable.h */; };
		0045D4CD15439E8B006BCC22 /* version.h in Headers */ = {isa = PBXBuildFile; fileRef = 0045D48815439E89006BCC22 /* version.h */; };
		0045D4CE15439E8B006BCC22 /* vm_core.h in Headers */ = {isa = PBXBuildFile; fileRef = 0045D48915439E89006BCC22 /* vm_core.h */; };
		0045D4CF15439E8B006BCC22 /* array.c in Sources */ = {isa = PBXBuildFile; fileRef = 0045D48A15439E8A006BCC22 /* array.c */; };
		0045D4D015439E8B006BCC22 /* ascii.c in Sources */ = {isa = PBXBuildFile; fileRef = 0045D48B15439E8A006BCC22 /* ascii.c */; };
		0045D4D115439E8B006BCC22 /* cdump.c in Sources */ = {isa = PBXBuildFile; fileRef = 0045D48C15439E8A006BCC22 /* cdump.c */; };
		0045D4D215439E8B006BCC22 /* class.c in Sources */ = {isa = PBXBuildFile; fileRef = 0045D48D15439E8A006BCC22 /* class.c */; };
		0045D4D315439E8B006BCC22 /* codegen.c in Sources */ = {isa = PBXBuildFile; fileRef = 0045D48E15439E8A006BCC22 /* codegen.c */; };
		0045D4D415439E8B006BCC22 /* compar.c in Sources */ = {isa = PBXBuildFile; fileRef = 0045D48F15439E8A006BCC22 /* compar.c */; };
		0045D4D515439E8B006BCC22 /* crc.c in Sources */ = {isa = PBXBuildFile; fileRef = 0045D49015439E8A006BCC22 /* crc.c */; };
		0045D4D615439E8B006BCC22 /* dump.c in Sources */ = {isa = PBXBuildFile; fileRef = 0045D49115439E8A006BCC22 /* dump.c */; };
		0045D4D715439E8B006BCC22 /* encoding.c in Sources */ = {isa = PBXBuildFile; fileRef = 0045D49215439E8A006BCC22 /* encoding.c */; };
		0045D4D815439E8B006BCC22 /* enum.c in Sources */ = {isa = PBXBuildFile; fileRef = 0045D49315439E8A006BCC22 /* enum.c */; };
		0045D4D915439E8B006BCC22 /* error.c in Sources */ = {isa = PBXBuildFile; fileRef = 0045D49415439E8A006BCC22 /* error.c */; };
		0045D4DA15439E8B006BCC22 /* etc.c in Sources */ = {isa = PBXBuildFile; fileRef = 0045D49515439E8A006BCC22 /* etc.c */; };
		0045D4DB15439E8B006BCC22 /* gc.c in Sources */ = {isa = PBXBuildFile; fileRef = 0045D49615439E8A006BCC22 /* gc.c */; };
		0045D4DC15439E8B006BCC22 /* hash.c in Sources */ = {isa = PBXBuildFile; fileRef = 0045D49715439E8A006BCC22 /* hash.c */; };
		0045D4DD15439E8B006BCC22 /* init_ext.c in Sources */ = {isa = PBXBuildFile; fileRef = 0045D49815439E8A006BCC22 /* init_ext.c */; };
		0045D4DE15439E8B006BCC22 /* init.c in Sources */ = {isa = PBXBuildFile; fileRef = 0045D49915439E8A006BCC22 /* init.c */; };
		0045D4DF15439E8B006BCC22 /* kernel.c in Sources */ = {isa = PBXBuildFile; fileRef = 0045D49A15439E8A006BCC22 /* kernel.c */; };
		0045D4E015439E8B006BCC22 /* load.c in Sources */ = {isa = PBXBuildFile; fileRef = 0045D49B15439E8A006BCC22 /* load.c */; };
		0045D4E115439E8B006BCC22 /* minimain.c in Sources */ = {isa = PBXBuildFile; fileRef = 0045D49C15439E8A006BCC22 /* minimain.c */; };
		0045D4E215439E8B006BCC22 /* numeric.c in Sources */ = {isa = PBXBuildFile; fileRef = 0045D49D15439E8A006BCC22 /* numeric.c */; };
		0045D4E315439E8B006BCC22 /* object.c in Sources */ = {isa = PBXBuildFile; fileRef = 0045D49E15439E8A006BCC22 /* object.c */; };
		0045D4E415439E8B006BCC22 /* pool.c in Sources */ = {isa = PBXBuildFile; fileRef = 0045D49F15439E8A006BCC22 /* pool.c */; };
		0045D4E515439E8B006BCC22 /* print.c in Sources */ = {isa = PBXBuildFile; fileRef = 0045D4A015439E8A006BCC22 /* print.c */; };
		0045D4E615439E8B006BCC22 /* proc.c in Sources */ = {isa = PBXBuildFile; fileRef = 0045D4A115439E8A006BCC22 /* proc.c */; };
		0045D4E715439E8B006BCC22 /* range.c in Sources */ = {isa = PBXBuildFile; fileRef = 0045D4A215439E8A006BCC22 /* range.c */; };
		0045D4E815439E8B006BCC22 /* re.c in Sources */ = {isa = PBXBuildFile; fileRef = 0045D4A315439E8A006BCC22 /* re.c */; };
		0045D4E915439E8B006BCC22 /* regcomp.c in Sources */ = {isa = PBXBuildFile; fileRef = 0045D4A415439E8A006BCC22 /* regcomp.c */; };
		0045D4EA15439E8B006BCC22 /* regenc.c in Sources */ = {isa = PBXBuildFile; fileRef = 0045D4A515439E8A006BCC22 /* regenc.c */; };
		0045D4EB15439E8B006BCC22 /* regerror.c in Sources */ = {isa = PBXBuildFile; fileRef = 0045D4A615439E8A006BCC22 /* regerror.c */; };
		0045D4EC15439E8B006BCC22 /* regexec.c in Sources */ = {isa = PBXBuildFile; fileRef = 0045D4A715439E8A006BCC22 /* regexec.c */; };
		0045D4ED15439E8B006BCC22 /* regparse.c in Sources */ = {isa = PBXBuildFile; fileRef = 0045D4A815439E8A006BCC22 /* regparse.c */; };
		0045D4EE15439E8B006BCC22 /* sprintf.c in Sources */ = {isa = PBXBuildFile; fileRef = 0045D4A915439E8A006BCC22 /* sprintf.c */; };
		0045D4EF15439E8B006BCC22 /* st.c in Sources */ = {isa = PBXBuildFile; fileRef = 0045D4AA15439E8A006BCC22 /* st.c */; };
		0045D4F015439E8B006BCC22 /* state.c in Sources */ = {isa = PBXBuildFile; fileRef = 0045D4AB15439E8A006BCC22 /* state.c */; };
		0045D4F115439E8B006BCC22 /* string.c in Sources */ = {isa = PBXBuildFile; fileRef = 0045D4AC15439E8A006BCC22 /* string.c */; };
		0045D4F215439E8B006BCC22 /* struct.c in Sources */ = {isa = PBXBuildFile; fileRef = 0045D4AD15439E8A006BCC22 /* struct.c */; };
		0045D4F315439E8B006BCC22 /* symbol.c in Sources */ = {isa = PBXBuildFile; fileRef = 0045D4AE15439E8A006BCC22 /* symbol.c */; };
		0045D4F415439E8B006BCC22 /* transcode.c in Sources */ = {isa = PBXBuildFile; fileRef = 0045D4AF15439E8A006BCC22 /* transcode.c */; };
		0045D4F515439E8B006BCC22 /* unicode.c in Sources */ = {isa = PBXBuildFile; fileRef = 0045D4B015439E8A006BCC22 /* unicode.c */; };
		0045D4F615439E8B006BCC22 /* us_ascii.c in Sources */ = {isa = PBXBuildFile; fileRef = 0045D4B115439E8A006BCC22 /* us_ascii.c */; };
		0045D4F715439E8B006BCC22 /* utf_8.c in Sources */ = {isa = PBXBuildFile; fileRef = 0045D4B215439E8A006BCC22 /* utf_8.c */; };
		0045D4F815439E8B006BCC22 /* variable.c in Sources */ = {isa = PBXBuildFile; fileRef = 0045D4B315439E8B006BCC22 /* variable.c */; };
		0045D4F915439E8B006BCC22 /* version.c in Sources */ = {isa = PBXBuildFile; fileRef = 0045D4B415439E8B006BCC22 /* version.c */; };
		0045D4FA15439E8B006BCC22 /* vm.c in Sources */ = {isa = PBXBuildFile; fileRef = 0045D4B515439E8B006BCC22 /* vm.c */; };
		0045D5211543A074006BCC22 /* mrbconf.h in Headers */ = {isa = PBXBuildFile; fileRef = 0045D5141543A074006BCC22 /* mrbconf.h */; };
		0045D5221543A074006BCC22 /* mruby.h in Headers */ = {isa = PBXBuildFile; fileRef = 0045D5151543A074006BCC22 /* mruby.h */; };
		0045D5231543A074006BCC22 /* array.h in Headers */ = {isa = PBXBuildFile; fileRef = 0045D5171543A074006BCC22 /* array.h */; };
		0045D5241543A074006BCC22 /* class.h in Headers */ = {isa = PBXBuildFile; fileRef = 0045D5181543A074006BCC22 /* class.h */; };
		0045D5251543A074006BCC22 /* data.h in Headers */ = {isa = PBXBuildFile; fileRef = 0045D5191543A074006BCC22 /* data.h */; };
		0045D5261543A074006BCC22 /* hash.h in Headers */ = {isa = PBXBuildFile; fileRef = 0045D51A1543A074006BCC22 /* hash.h */; };
		0045D5271543A074006BCC22 /* numeric.h in Headers */ = {isa = PBXBuildFile; fileRef = 0045D51B1543A074006BCC22 /* numeric.h */; };
		0045D5281543A074006BCC22 /* object.h in Headers */ = {isa = PBXBuildFile; fileRef = 0045D51C1543A074006BCC22 /* object.h */; };
		0045D5291543A074006BCC22 /* proc.h in Headers */ = {isa = PBXBuildFile; fileRef = 0045D51D1543A074006BCC22 /* proc.h */; };
		0045D52A1543A074006BCC22 /* range.h in Headers */ = {isa = PBXBuildFile; fileRef = 0045D51E1543A074006BCC22 /* range.h */; };
		0045D52B1543A074006BCC22 /* string.h in Headers */ = {isa = PBXBuildFile; fileRef = 0045D51F1543A074006BCC22 /* string.h */; };
		0045D52C1543A074006BCC22 /* struct.h in Headers */ = {isa = PBXBuildFile; fileRef = 0045D5201543A074006BCC22 /* struct.h */; };
		0045D52E1543A4B9006BCC22 /* y.tab.c in Sources */ = {isa = PBXBuildFile; fileRef = 0045D52D1543A4B9006BCC22 /* y.tab.c */; };
		0086608F154395A800B79257 /* Foundation.framework in Frameworks */ = {isa = PBXBuildFile; fileRef = 0086608E154395A800B79257 /* Foundation.framework */; };
		00866095154395A800B79257 /* mruby-ios.m in Sources */ = {isa = PBXBuildFile; fileRef = 00866094154395A800B79257 /* mruby-ios.m */; };
		0086609D154395A800B79257 /* SenTestingKit.framework in Frameworks */ = {isa = PBXBuildFile; fileRef = 0086609C154395A800B79257 /* SenTestingKit.framework */; };
		0086609F154395A800B79257 /* UIKit.framework in Frameworks */ = {isa = PBXBuildFile; fileRef = 0086609E154395A800B79257 /* UIKit.framework */; };
		008660A0154395A800B79257 /* Foundation.framework in Frameworks */ = {isa = PBXBuildFile; fileRef = 0086608E154395A800B79257 /* Foundation.framework */; };
		008660A3154395A800B79257 /* libmruby.a in Frameworks */ = {isa = PBXBuildFile; fileRef = 0086608B154395A800B79257 /* libmruby.a */; };
		008660A9154395A800B79257 /* InfoPlist.strings in Resources */ = {isa = PBXBuildFile; fileRef = 008660A7154395A800B79257 /* InfoPlist.strings */; };
		008660AC154395A800B79257 /* mrubyTests.m in Sources */ = {isa = PBXBuildFile; fileRef = 008660AB154395A800B79257 /* mrubyTests.m */; };
		00C424621543B277005F714D /* mrblib.c in Sources */ = {isa = PBXBuildFile; fileRef = 00C424611543B277005F714D /* mrblib.c */; };
/* End PBXBuildFile section */

/* Begin PBXContainerItemProxy section */
		008660A1154395A800B79257 /* PBXContainerItemProxy */ = {
			isa = PBXContainerItemProxy;
			containerPortal = 00866082154395A800B79257 /* Project object */;
			proxyType = 1;
			remoteGlobalIDString = 0086608A154395A800B79257;
			remoteInfo = mruby;
		};
/* End PBXContainerItemProxy section */

/* Begin PBXFileReference section */
		0045D46815439911006BCC22 /* hello.c */ = {isa = PBXFileReference; fileEncoding = 4; lastKnownFileType = sourcecode.c.c; name = hello.c; path = libhello/src/hello.c; sourceTree = "<group>"; };
		0045D46C154399A3006BCC22 /* hello.h */ = {isa = PBXFileReference; fileEncoding = 4; lastKnownFileType = sourcecode.c.h; name = hello.h; path = libhello/include/hello.h; sourceTree = "<group>"; };
		0045D47115439E89006BCC22 /* cdump.h */ = {isa = PBXFileReference; fileEncoding = 4; lastKnownFileType = sourcecode.c.h; name = cdump.h; path = ../../../mruby/src/cdump.h; sourceTree = "<group>"; };
		0045D47215439E89006BCC22 /* compile.h */ = {isa = PBXFileReference; fileEncoding = 4; lastKnownFileType = sourcecode.c.h; name = compile.h; path = ../../../mruby/src/compile.h; sourceTree = "<group>"; };
		0045D47315439E89006BCC22 /* dump.h */ = {isa = PBXFileReference; fileEncoding = 4; lastKnownFileType = sourcecode.c.h; name = dump.h; path = ../../../mruby/src/dump.h; sourceTree = "<group>"; };
		0045D47415439E89006BCC22 /* encoding.h */ = {isa = PBXFileReference; fileEncoding = 4; lastKnownFileType = sourcecode.c.h; name = encoding.h; path = ../../../mruby/src/encoding.h; sourceTree = "<group>"; };
		0045D47515439E89006BCC22 /* error.h */ = {isa = PBXFileReference; fileEncoding = 4; lastKnownFileType = sourcecode.c.h; name = error.h; path = ../../../mruby/src/error.h; sourceTree = "<group>"; };
		0045D47615439E89006BCC22 /* eval_intern.h */ = {isa = PBXFileReference; fileEncoding = 4; lastKnownFileType = sourcecode.c.h; name = eval_intern.h; path = ../../../mruby/src/eval_intern.h; sourceTree = "<group>"; };
		0045D47715439E89006BCC22 /* gc.h */ = {isa = PBXFileReference; fileEncoding = 4; lastKnownFileType = sourcecode.c.h; name = gc.h; path = ../../../mruby/src/gc.h; sourceTree = "<group>"; };
		0045D47815439E89006BCC22 /* irep.h */ = {isa = PBXFileReference; fileEncoding = 4; lastKnownFileType = sourcecode.c.h; name = irep.h; path = ../../../mruby/src/irep.h; sourceTree = "<group>"; };
		0045D47915439E89006BCC22 /* method.h */ = {isa = PBXFileReference; fileEncoding = 4; lastKnownFileType = sourcecode.c.h; name = method.h; path = ../../../mruby/src/method.h; sourceTree = "<group>"; };
		0045D47A15439E89006BCC22 /* name2ctype.h */ = {isa = PBXFileReference; fileEncoding = 4; lastKnownFileType = sourcecode.c.h; name = name2ctype.h; path = ../../../mruby/src/name2ctype.h; sourceTree = "<group>"; };
		0045D47B15439E89006BCC22 /* node.h */ = {isa = PBXFileReference; fileEncoding = 4; lastKnownFileType = sourcecode.c.h; name = node.h; path = ../../../mruby/src/node.h; sourceTree = "<group>"; };
		0045D47C15439E89006BCC22 /* oniguruma.h */ = {isa = PBXFileReference; fileEncoding = 4; lastKnownFileType = sourcecode.c.h; name = oniguruma.h; path = ../../../mruby/src/oniguruma.h; sourceTree = "<group>"; };
		0045D47D15439E89006BCC22 /* opcode.h */ = {isa = PBXFileReference; fileEncoding = 4; lastKnownFileType = sourcecode.c.h; name = opcode.h; path = ../../../mruby/src/opcode.h; sourceTree = "<group>"; };
		0045D47E15439E89006BCC22 /* pool.h */ = {isa = PBXFileReference; fileEncoding = 4; lastKnownFileType = sourcecode.c.h; name = pool.h; path = ../../../mruby/src/pool.h; sourceTree = "<group>"; };
		0045D47F15439E89006BCC22 /* re.h */ = {isa = PBXFileReference; fileEncoding = 4; lastKnownFileType = sourcecode.c.h; name = re.h; path = ../../../mruby/src/re.h; sourceTree = "<group>"; };
		0045D48015439E89006BCC22 /* regenc.h */ = {isa = PBXFileReference; fileEncoding = 4; lastKnownFileType = sourcecode.c.h; name = regenc.h; path = ../../../mruby/src/regenc.h; sourceTree = "<group>"; };
		0045D48115439E89006BCC22 /* regex.h */ = {isa = PBXFileReference; fileEncoding = 4; lastKnownFileType = sourcecode.c.h; name = regex.h; path = ../../../mruby/src/regex.h; sourceTree = "<group>"; };
		0045D48215439E89006BCC22 /* regint.h */ = {isa = PBXFileReference; fileEncoding = 4; lastKnownFileType = sourcecode.c.h; name = regint.h; path = ../../../mruby/src/regint.h; sourceTree = "<group>"; };
		0045D48315439E89006BCC22 /* regparse.h */ = {isa = PBXFileReference; fileEncoding = 4; lastKnownFileType = sourcecode.c.h; name = regparse.h; path = ../../../mruby/src/regparse.h; sourceTree = "<group>"; };
		0045D48415439E89006BCC22 /* ritehash.h */ = {isa = PBXFileReference; fileEncoding = 4; lastKnownFileType = sourcecode.c.h; name = ritehash.h; path = ../../../mruby/src/ritehash.h; sourceTree = "<group>"; };
		0045D48515439E89006BCC22 /* st.h */ = {isa = PBXFileReference; fileEncoding = 4; lastKnownFileType = sourcecode.c.h; name = st.h; path = ../../../mruby/src/st.h; sourceTree = "<group>"; };
		0045D48615439E89006BCC22 /* transcode_data.h */ = {isa = PBXFileReference; fileEncoding = 4; lastKnownFileType = sourcecode.c.h; name = transcode_data.h; path = ../../../mruby/src/transcode_data.h; sourceTree = "<group>"; };
		0045D48715439E89006BCC22 /* variable.h */ = {isa = PBXFileReference; fileEncoding = 4; lastKnownFileType = sourcecode.c.h; name = variable.h; path = ../../../mruby/src/variable.h; sourceTree = "<group>"; };
		0045D48815439E89006BCC22 /* version.h */ = {isa = PBXFileReference; fileEncoding = 4; lastKnownFileType = sourcecode.c.h; name = version.h; path = ../../../mruby/src/version.h; sourceTree = "<group>"; };
		0045D48915439E89006BCC22 /* vm_core.h */ = {isa = PBXFileReference; fileEncoding = 4; lastKnownFileType = sourcecode.c.h; name = vm_core.h; path = ../../../mruby/src/vm_core.h; sourceTree = "<group>"; };
		0045D48A15439E8A006BCC22 /* array.c */ = {isa = PBXFileReference; fileEncoding = 4; lastKnownFileType = sourcecode.c.c; name = array.c; path = ../../../mruby/src/array.c; sourceTree = "<group>"; };
		0045D48B15439E8A006BCC22 /* ascii.c */ = {isa = PBXFileReference; fileEncoding = 4; lastKnownFileType = sourcecode.c.c; name = ascii.c; path = ../../../mruby/src/ascii.c; sourceTree = "<group>"; };
		0045D48C15439E8A006BCC22 /* cdump.c */ = {isa = PBXFileReference; fileEncoding = 4; lastKnownFileType = sourcecode.c.c; name = cdump.c; path = ../../../mruby/src/cdump.c; sourceTree = "<group>"; };
		0045D48D15439E8A006BCC22 /* class.c */ = {isa = PBXFileReference; fileEncoding = 4; lastKnownFileType = sourcecode.c.c; name = class.c; path = ../../../mruby/src/class.c; sourceTree = "<group>"; };
		0045D48E15439E8A006BCC22 /* codegen.c */ = {isa = PBXFileReference; fileEncoding = 4; lastKnownFileType = sourcecode.c.c; name = codegen.c; path = ../../../mruby/src/codegen.c; sourceTree = "<group>"; };
		0045D48F15439E8A006BCC22 /* compar.c */ = {isa = PBXFileReference; fileEncoding = 4; lastKnownFileType = sourcecode.c.c; name = compar.c; path = ../../../mruby/src/compar.c; sourceTree = "<group>"; };
		0045D49015439E8A006BCC22 /* crc.c */ = {isa = PBXFileReference; fileEncoding = 4; lastKnownFileType = sourcecode.c.c; name = crc.c; path = ../../../mruby/src/crc.c; sourceTree = "<group>"; };
		0045D49115439E8A006BCC22 /* dump.c */ = {isa = PBXFileReference; fileEncoding = 4; lastKnownFileType = sourcecode.c.c; name = dump.c; path = ../../../mruby/src/dump.c; sourceTree = "<group>"; };
		0045D49215439E8A006BCC22 /* encoding.c */ = {isa = PBXFileReference; fileEncoding = 4; lastKnownFileType = sourcecode.c.c; name = encoding.c; path = ../../../mruby/src/encoding.c; sourceTree = "<group>"; };
		0045D49315439E8A006BCC22 /* enum.c */ = {isa = PBXFileReference; fileEncoding = 4; lastKnownFileType = sourcecode.c.c; name = enum.c; path = ../../../mruby/src/enum.c; sourceTree = "<group>"; };
		0045D49415439E8A006BCC22 /* error.c */ = {isa = PBXFileReference; fileEncoding = 4; lastKnownFileType = sourcecode.c.c; name = error.c; path = ../../../mruby/src/error.c; sourceTree = "<group>"; };
		0045D49515439E8A006BCC22 /* etc.c */ = {isa = PBXFileReference; fileEncoding = 4; lastKnownFileType = sourcecode.c.c; name = etc.c; path = ../../../mruby/src/etc.c; sourceTree = "<group>"; };
		0045D49615439E8A006BCC22 /* gc.c */ = {isa = PBXFileReference; fileEncoding = 4; lastKnownFileType = sourcecode.c.c; name = gc.c; path = ../../../mruby/src/gc.c; sourceTree = "<group>"; };
		0045D49715439E8A006BCC22 /* hash.c */ = {isa = PBXFileReference; fileEncoding = 4; lastKnownFileType = sourcecode.c.c; name = hash.c; path = ../../../mruby/src/hash.c; sourceTree = "<group>"; };
		0045D49815439E8A006BCC22 /* init_ext.c */ = {isa = PBXFileReference; fileEncoding = 4; lastKnownFileType = sourcecode.c.c; name = init_ext.c; path = ../../../mruby/src/init_ext.c; sourceTree = "<group>"; };
		0045D49915439E8A006BCC22 /* init.c */ = {isa = PBXFileReference; fileEncoding = 4; lastKnownFileType = sourcecode.c.c; name = init.c; path = ../../../mruby/src/init.c; sourceTree = "<group>"; };
		0045D49A15439E8A006BCC22 /* kernel.c */ = {isa = PBXFileReference; fileEncoding = 4; lastKnownFileType = sourcecode.c.c; name = kernel.c; path = ../../../mruby/src/kernel.c; sourceTree = "<group>"; };
		0045D49B15439E8A006BCC22 /* load.c */ = {isa = PBXFileReference; fileEncoding = 4; lastKnownFileType = sourcecode.c.c; name = load.c; path = ../../../mruby/src/load.c; sourceTree = "<group>"; };
		0045D49C15439E8A006BCC22 /* minimain.c */ = {isa = PBXFileReference; fileEncoding = 4; lastKnownFileType = sourcecode.c.c; name = minimain.c; path = ../../../mruby/src/minimain.c; sourceTree = "<group>"; };
		0045D49D15439E8A006BCC22 /* numeric.c */ = {isa = PBXFileReference; fileEncoding = 4; lastKnownFileType = sourcecode.c.c; name = numeric.c; path = ../../../mruby/src/numeric.c; sourceTree = "<group>"; };
		0045D49E15439E8A006BCC22 /* object.c */ = {isa = PBXFileReference; fileEncoding = 4; lastKnownFileType = sourcecode.c.c; name = object.c; path = ../../../mruby/src/object.c; sourceTree = "<group>"; };
		0045D49F15439E8A006BCC22 /* pool.c */ = {isa = PBXFileReference; fileEncoding = 4; lastKnownFileType = sourcecode.c.c; name = pool.c; path = ../../../mruby/src/pool.c; sourceTree = "<group>"; };
		0045D4A015439E8A006BCC22 /* print.c */ = {isa = PBXFileReference; fileEncoding = 4; lastKnownFileType = sourcecode.c.c; name = print.c; path = ../../../mruby/src/print.c; sourceTree = "<group>"; };
		0045D4A115439E8A006BCC22 /* proc.c */ = {isa = PBXFileReference; fileEncoding = 4; lastKnownFileType = sourcecode.c.c; name = proc.c; path = ../../../mruby/src/proc.c; sourceTree = "<group>"; };
		0045D4A215439E8A006BCC22 /* range.c */ = {isa = PBXFileReference; fileEncoding = 4; lastKnownFileType = sourcecode.c.c; name = range.c; path = ../../../mruby/src/range.c; sourceTree = "<group>"; };
		0045D4A315439E8A006BCC22 /* re.c */ = {isa = PBXFileReference; fileEncoding = 4; lastKnownFileType = sourcecode.c.c; name = re.c; path = ../../../mruby/src/re.c; sourceTree = "<group>"; };
		0045D4A415439E8A006BCC22 /* regcomp.c */ = {isa = PBXFileReference; fileEncoding = 4; lastKnownFileType = sourcecode.c.c; name = regcomp.c; path = ../../../mruby/src/regcomp.c; sourceTree = "<group>"; };
		0045D4A515439E8A006BCC22 /* regenc.c */ = {isa = PBXFileReference; fileEncoding = 4; lastKnownFileType = sourcecode.c.c; name = regenc.c; path = ../../../mruby/src/regenc.c; sourceTree = "<group>"; };
		0045D4A615439E8A006BCC22 /* regerror.c */ = {isa = PBXFileReference; fileEncoding = 4; lastKnownFileType = sourcecode.c.c; name = regerror.c; path = ../../../mruby/src/regerror.c; sourceTree = "<group>"; };
		0045D4A715439E8A006BCC22 /* regexec.c */ = {isa = PBXFileReference; fileEncoding = 4; lastKnownFileType = sourcecode.c.c; name = regexec.c; path = ../../../mruby/src/regexec.c; sourceTree = "<group>"; };
		0045D4A815439E8A006BCC22 /* regparse.c */ = {isa = PBXFileReference; fileEncoding = 4; lastKnownFileType = sourcecode.c.c; name = regparse.c; path = ../../../mruby/src/regparse.c; sourceTree = "<group>"; };
		0045D4A915439E8A006BCC22 /* sprintf.c */ = {isa = PBXFileReference; fileEncoding = 4; lastKnownFileType = sourcecode.c.c; name = sprintf.c; path = ../../../mruby/src/sprintf.c; sourceTree = "<group>"; };
		0045D4AA15439E8A006BCC22 /* st.c */ = {isa = PBXFileReference; fileEncoding = 4; lastKnownFileType = sourcecode.c.c; name = st.c; path = ../../../mruby/src/st.c; sourceTree = "<group>"; };
		0045D4AB15439E8A006BCC22 /* state.c */ = {isa = PBXFileReference; fileEncoding = 4; lastKnownFileType = sourcecode.c.c; name = state.c; path = ../../../mruby/src/state.c; sourceTree = "<group>"; };
		0045D4AC15439E8A006BCC22 /* string.c */ = {isa = PBXFileReference; fileEncoding = 4; lastKnownFileType = sourcecode.c.c; name = string.c; path = ../../../mruby/src/string.c; sourceTree = "<group>"; };
		0045D4AD15439E8A006BCC22 /* struct.c */ = {isa = PBXFileReference; fileEncoding = 4; lastKnownFileType = sourcecode.c.c; name = struct.c; path = ../../../mruby/src/struct.c; sourceTree = "<group>"; };
		0045D4AE15439E8A006BCC22 /* symbol.c */ = {isa = PBXFileReference; fileEncoding = 4; lastKnownFileType = sourcecode.c.c; name = symbol.c; path = ../../../mruby/src/symbol.c; sourceTree = "<group>"; };
		0045D4AF15439E8A006BCC22 /* transcode.c */ = {isa = PBXFileReference; fileEncoding = 4; lastKnownFileType = sourcecode.c.c; name = transcode.c; path = ../../../mruby/src/transcode.c; sourceTree = "<group>"; };
		0045D4B015439E8A006BCC22 /* unicode.c */ = {isa = PBXFileReference; fileEncoding = 4; lastKnownFileType = sourcecode.c.c; name = unicode.c; path = ../../../mruby/src/unicode.c; sourceTree = "<group>"; };
		0045D4B115439E8A006BCC22 /* us_ascii.c */ = {isa = PBXFileReference; fileEncoding = 4; lastKnownFileType = sourcecode.c.c; name = us_ascii.c; path = ../../../mruby/src/us_ascii.c; sourceTree = "<group>"; };
		0045D4B215439E8A006BCC22 /* utf_8.c */ = {isa = PBXFileReference; fileEncoding = 4; lastKnownFileType = sourcecode.c.c; name = utf_8.c; path = ../../../mruby/src/utf_8.c; sourceTree = "<group>"; };
		0045D4B315439E8B006BCC22 /* variable.c */ = {isa = PBXFileReference; fileEncoding = 4; lastKnownFileType = sourcecode.c.c; name = variable.c; path = ../../../mruby/src/variable.c; sourceTree = "<group>"; };
		0045D4B415439E8B006BCC22 /* version.c */ = {isa = PBXFileReference; fileEncoding = 4; lastKnownFileType = sourcecode.c.c; name = version.c; path = ../../../mruby/src/version.c; sourceTree = "<group>"; };
		0045D4B515439E8B006BCC22 /* vm.c */ = {isa = PBXFileReference; fileEncoding = 4; lastKnownFileType = sourcecode.c.c; name = vm.c; path = ../../../mruby/src/vm.c; sourceTree = "<group>"; };
		0045D5141543A074006BCC22 /* mrbconf.h */ = {isa = PBXFileReference; fileEncoding = 4; lastKnownFileType = sourcecode.c.h; name = mrbconf.h; path = ../../../mruby/include/mrbconf.h; sourceTree = "<group>"; };
		0045D5151543A074006BCC22 /* mruby.h */ = {isa = PBXFileReference; fileEncoding = 4; lastKnownFileType = sourcecode.c.h; name = mruby.h; path = ../../../mruby/include/mruby.h; sourceTree = "<group>"; };
		0045D5171543A074006BCC22 /* array.h */ = {isa = PBXFileReference; fileEncoding = 4; lastKnownFileType = sourcecode.c.h; path = array.h; sourceTree = "<group>"; };
		0045D5181543A074006BCC22 /* class.h */ = {isa = PBXFileReference; fileEncoding = 4; lastKnownFileType = sourcecode.c.h; path = class.h; sourceTree = "<group>"; };
		0045D5191543A074006BCC22 /* data.h */ = {isa = PBXFileReference; fileEncoding = 4; lastKnownFileType = sourcecode.c.h; path = data.h; sourceTree = "<group>"; };
		0045D51A1543A074006BCC22 /* hash.h */ = {isa = PBXFileReference; fileEncoding = 4; lastKnownFileType = sourcecode.c.h; path = hash.h; sourceTree = "<group>"; };
		0045D51B1543A074006BCC22 /* numeric.h */ = {isa = PBXFileReference; fileEncoding = 4; lastKnownFileType = sourcecode.c.h; path = numeric.h; sourceTree = "<group>"; };
		0045D51C1543A074006BCC22 /* object.h */ = {isa = PBXFileReference; fileEncoding = 4; lastKnownFileType = sourcecode.c.h; path = object.h; sourceTree = "<group>"; };
		0045D51D1543A074006BCC22 /* proc.h */ = {isa = PBXFileReference; fileEncoding = 4; lastKnownFileType = sourcecode.c.h; path = proc.h; sourceTree = "<group>"; };
		0045D51E1543A074006BCC22 /* range.h */ = {isa = PBXFileReference; fileEncoding = 4; lastKnownFileType = sourcecode.c.h; path = range.h; sourceTree = "<group>"; };
		0045D51F1543A074006BCC22 /* string.h */ = {isa = PBXFileReference; fileEncoding = 4; lastKnownFileType = sourcecode.c.h; path = string.h; sourceTree = "<group>"; };
		0045D5201543A074006BCC22 /* struct.h */ = {isa = PBXFileReference; fileEncoding = 4; lastKnownFileType = sourcecode.c.h; path = struct.h; sourceTree = "<group>"; };
		0045D52D1543A4B9006BCC22 /* y.tab.c */ = {isa = PBXFileReference; fileEncoding = 4; lastKnownFileType = sourcecode.c.c; name = y.tab.c; path = ../../../mruby/src/y.tab.c; sourceTree = "<group>"; };
		0086608B154395A800B79257 /* libmruby.a */ = {isa = PBXFileReference; explicitFileType = archive.ar; includeInIndex = 0; path = libmruby.a; sourceTree = BUILT_PRODUCTS_DIR; };
		0086608E154395A800B79257 /* Foundation.framework */ = {isa = PBXFileReference; lastKnownFileType = wrapper.framework; name = Foundation.framework; path = System/Library/Frameworks/Foundation.framework; sourceTree = SDKROOT; };
		00866092154395A800B79257 /* mruby-Prefix.pch */ = {isa = PBXFileReference; lastKnownFileType = sourcecode.c.h; path = "mruby-Prefix.pch"; sourceTree = "<group>"; };
		00866093154395A800B79257 /* mruby-ios.h */ = {isa = PBXFileReference; lastKnownFileType = sourcecode.c.h; path = "mruby-ios.h"; sourceTree = "<group>"; };
		00866094154395A800B79257 /* mruby-ios.m */ = {isa = PBXFileReference; lastKnownFileType = sourcecode.c.objc; path = "mruby-ios.m"; sourceTree = "<group>"; };
		0086609B154395A800B79257 /* mrubyTests.octest */ = {isa = PBXFileReference; explicitFileType = wrapper.cfbundle; includeInIndex = 0; path = mrubyTests.octest; sourceTree = BUILT_PRODUCTS_DIR; };
		0086609C154395A800B79257 /* SenTestingKit.framework */ = {isa = PBXFileReference; lastKnownFileType = wrapper.framework; name = SenTestingKit.framework; path = Library/Frameworks/SenTestingKit.framework; sourceTree = DEVELOPER_DIR; };
		0086609E154395A800B79257 /* UIKit.framework */ = {isa = PBXFileReference; lastKnownFileType = wrapper.framework; name = UIKit.framework; path = Library/Frameworks/UIKit.framework; sourceTree = DEVELOPER_DIR; };
		008660A6154395A800B79257 /* mrubyTests-Info.plist */ = {isa = PBXFileReference; lastKnownFileType = text.plist.xml; path = "mrubyTests-Info.plist"; sourceTree = "<group>"; };
		008660A8154395A800B79257 /* en */ = {isa = PBXFileReference; lastKnownFileType = text.plist.strings; name = en; path = en.lproj/InfoPlist.strings; sourceTree = "<group>"; };
		008660AA154395A800B79257 /* mrubyTests.h */ = {isa = PBXFileReference; lastKnownFileType = sourcecode.c.h; path = mrubyTests.h; sourceTree = "<group>"; };
		008660AB154395A800B79257 /* mrubyTests.m */ = {isa = PBXFileReference; lastKnownFileType = sourcecode.c.objc; path = mrubyTests.m; sourceTree = "<group>"; };
		00C424611543B277005F714D /* mrblib.c */ = {isa = PBXFileReference; fileEncoding = 4; lastKnownFileType = sourcecode.c.c; name = mrblib.c; path = ../../../mruby/mrblib/mrblib.c; sourceTree = "<group>"; };
/* End PBXFileReference section */

/* Begin PBXFrameworksBuildPhase section */
		00866088154395A800B79257 /* Frameworks */ = {
			isa = PBXFrameworksBuildPhase;
			buildActionMask = 2147483647;
			files = (
				0086608F154395A800B79257 /* Foundation.framework in Frameworks */,
			);
			runOnlyForDeploymentPostprocessing = 0;
		};
		00866097154395A800B79257 /* Frameworks */ = {
			isa = PBXFrameworksBuildPhase;
			buildActionMask = 2147483647;
			files = (
				0086609D154395A800B79257 /* SenTestingKit.framework in Frameworks */,
				0086609F154395A800B79257 /* UIKit.framework in Frameworks */,
				008660A0154395A800B79257 /* Foundation.framework in Frameworks */,
				008660A3154395A800B79257 /* libmruby.a in Frameworks */,
			);
			runOnlyForDeploymentPostprocessing = 0;
		};
/* End PBXFrameworksBuildPhase section */

/* Begin PBXGroup section */
		0045D46B1543991E006BCC22 /* libhello */ = {
			isa = PBXGroup;
			children = (
				0045D46C154399A3006BCC22 /* hello.h */,
				0045D46815439911006BCC22 /* hello.c */,
			);
			name = libhello;
			sourceTree = "<group>";
		};
		0045D5131543A061006BCC22 /* include */ = {
			isa = PBXGroup;
			children = (
				0045D5141543A074006BCC22 /* mrbconf.h */,
				0045D5151543A074006BCC22 /* mruby.h */,
				0045D5161543A074006BCC22 /* mruby */,
			);
			name = include;
			sourceTree = "<group>";
		};
		0045D5161543A074006BCC22 /* mruby */ = {
			isa = PBXGroup;
			children = (
				0045D5171543A074006BCC22 /* array.h */,
				0045D5181543A074006BCC22 /* class.h */,
				0045D5191543A074006BCC22 /* data.h */,
				0045D51A1543A074006BCC22 /* hash.h */,
				0045D51B1543A074006BCC22 /* numeric.h */,
				0045D51C1543A074006BCC22 /* object.h */,
				0045D51D1543A074006BCC22 /* proc.h */,
				0045D51E1543A074006BCC22 /* range.h */,
				0045D51F1543A074006BCC22 /* string.h */,
				0045D5201543A074006BCC22 /* struct.h */,
			);
			name = mruby;
			path = ../../../mruby/include/mruby;
			sourceTree = "<group>";
		};
		00866080154395A800B79257 = {
			isa = PBXGroup;
			children = (
				0045D46B1543991E006BCC22 /* libhello */,
				00866090154395A800B79257 /* mruby */,
				008660A4154395A800B79257 /* mrubyTests */,
				0086608D154395A800B79257 /* Frameworks */,
				0086608C154395A800B79257 /* Products */,
			);
			sourceTree = "<group>";
		};
		0086608C154395A800B79257 /* Products */ = {
			isa = PBXGroup;
			children = (
				0086608B154395A800B79257 /* libmruby.a */,
				0086609B154395A800B79257 /* mrubyTests.octest */,
			);
			name = Products;
			sourceTree = "<group>";
		};
		0086608D154395A800B79257 /* Frameworks */ = {
			isa = PBXGroup;
			children = (
				0086608E154395A800B79257 /* Foundation.framework */,
				0086609C154395A800B79257 /* SenTestingKit.framework */,
				0086609E154395A800B79257 /* UIKit.framework */,
			);
			name = Frameworks;
			sourceTree = "<group>";
		};
		00866090154395A800B79257 /* mruby */ = {
			isa = PBXGroup;
			children = (
				00C424601543B257005F714D /* mrblib */,
				0045D48A15439E8A006BCC22 /* array.c */,
				0045D48B15439E8A006BCC22 /* ascii.c */,
				0045D48C15439E8A006BCC22 /* cdump.c */,
				0045D48D15439E8A006BCC22 /* class.c */,
				0045D48E15439E8A006BCC22 /* codegen.c */,
				0045D48F15439E8A006BCC22 /* compar.c */,
				0045D49015439E8A006BCC22 /* crc.c */,
				0045D49115439E8A006BCC22 /* dump.c */,
				0045D49215439E8A006BCC22 /* encoding.c */,
				0045D49315439E8A006BCC22 /* enum.c */,
				0045D49415439E8A006BCC22 /* error.c */,
				0045D49515439E8A006BCC22 /* etc.c */,
				0045D49615439E8A006BCC22 /* gc.c */,
				0045D49715439E8A006BCC22 /* hash.c */,
				0045D49915439E8A006BCC22 /* init.c */,
				0045D49815439E8A006BCC22 /* init_ext.c */,
				0045D49A15439E8A006BCC22 /* kernel.c */,
				0045D49B15439E8A006BCC22 /* load.c */,
				0045D49C15439E8A006BCC22 /* minimain.c */,
				0045D49D15439E8A006BCC22 /* numeric.c */,
				0045D49E15439E8A006BCC22 /* object.c */,
				0045D49F15439E8A006BCC22 /* pool.c */,
				0045D4A015439E8A006BCC22 /* print.c */,
				0045D4A115439E8A006BCC22 /* proc.c */,
				0045D4A215439E8A006BCC22 /* range.c */,
				0045D4A315439E8A006BCC22 /* re.c */,
				0045D4A415439E8A006BCC22 /* regcomp.c */,
				0045D4A515439E8A006BCC22 /* regenc.c */,
				0045D4A615439E8A006BCC22 /* regerror.c */,
				0045D4A715439E8A006BCC22 /* regexec.c */,
				0045D4A815439E8A006BCC22 /* regparse.c */,
				0045D4A915439E8A006BCC22 /* sprintf.c */,
				0045D4AA15439E8A006BCC22 /* st.c */,
				0045D4AB15439E8A006BCC22 /* state.c */,
				0045D4AC15439E8A006BCC22 /* string.c */,
				0045D4AD15439E8A006BCC22 /* struct.c */,
				0045D4AE15439E8A006BCC22 /* symbol.c */,
				0045D4AF15439E8A006BCC22 /* transcode.c */,
				0045D4B015439E8A006BCC22 /* unicode.c */,
				0045D4B115439E8A006BCC22 /* us_ascii.c */,
				0045D4B215439E8A006BCC22 /* utf_8.c */,
				0045D4B315439E8B006BCC22 /* variable.c */,
				0045D4B415439E8B006BCC22 /* version.c */,
				0045D4B515439E8B006BCC22 /* vm.c */,
				0045D52D1543A4B9006BCC22 /* y.tab.c */,
				0045D47115439E89006BCC22 /* cdump.h */,
				0045D47215439E89006BCC22 /* compile.h */,
				0045D47315439E89006BCC22 /* dump.h */,
				0045D47415439E89006BCC22 /* encoding.h */,
				0045D47515439E89006BCC22 /* error.h */,
				0045D47615439E89006BCC22 /* eval_intern.h */,
				0045D47715439E89006BCC22 /* gc.h */,
				0045D47815439E89006BCC22 /* irep.h */,
				0045D47915439E89006BCC22 /* method.h */,
				00866093154395A800B79257 /* mruby-ios.h */,
				0045D47A15439E89006BCC22 /* name2ctype.h */,
				0045D47B15439E89006BCC22 /* node.h */,
				0045D47C15439E89006BCC22 /* oniguruma.h */,
				0045D47D15439E89006BCC22 /* opcode.h */,
				0045D47E15439E89006BCC22 /* pool.h */,
				0045D47F15439E89006BCC22 /* re.h */,
				0045D48015439E89006BCC22 /* regenc.h */,
				0045D48115439E89006BCC22 /* regex.h */,
				0045D48215439E89006BCC22 /* regint.h */,
				0045D48315439E89006BCC22 /* regparse.h */,
				0045D48415439E89006BCC22 /* ritehash.h */,
				0045D48515439E89006BCC22 /* st.h */,
				0045D48615439E89006BCC22 /* transcode_data.h */,
				0045D48715439E89006BCC22 /* variable.h */,
				0045D48815439E89006BCC22 /* version.h */,
				0045D48915439E89006BCC22 /* vm_core.h */,
				00866094154395A800B79257 /* mruby-ios.m */,
				0045D5131543A061006BCC22 /* include */,
				00866091154395A800B79257 /* Supporting Files */,
			);
			path = mruby;
			sourceTree = "<group>";
		};
		00866091154395A800B79257 /* Supporting Files */ = {
			isa = PBXGroup;
			children = (
				00866092154395A800B79257 /* mruby-Prefix.pch */,
			);
			name = "Supporting Files";
			sourceTree = "<group>";
		};
		008660A4154395A800B79257 /* mrubyTests */ = {
			isa = PBXGroup;
			children = (
				008660AA154395A800B79257 /* mrubyTests.h */,
				008660AB154395A800B79257 /* mrubyTests.m */,
				008660A5154395A800B79257 /* Supporting Files */,
			);
			path = mrubyTests;
			sourceTree = "<group>";
		};
		008660A5154395A800B79257 /* Supporting Files */ = {
			isa = PBXGroup;
			children = (
				008660A6154395A800B79257 /* mrubyTests-Info.plist */,
				008660A7154395A800B79257 /* InfoPlist.strings */,
			);
			name = "Supporting Files";
			sourceTree = "<group>";
		};
		00C424601543B257005F714D /* mrblib */ = {
			isa = PBXGroup;
			children = (
				00C424611543B277005F714D /* mrblib.c */,
			);
			name = mrblib;
			sourceTree = "<group>";
		};
/* End PBXGroup section */

/* Begin PBXHeadersBuildPhase section */
		00866089154395A800B79257 /* Headers */ = {
			isa = PBXHeadersBuildPhase;
			buildActionMask = 2147483647;
			files = (
				0045D46D154399A3006BCC22 /* hello.h in Headers */,
				0045D4B615439E8B006BCC22 /* cdump.h in Headers */,
				0045D4B715439E8B006BCC22 /* compile.h in Headers */,
				0045D4B815439E8B006BCC22 /* dump.h in Headers */,
				0045D4B915439E8B006BCC22 /* encoding.h in Headers */,
				0045D4BA15439E8B006BCC22 /* error.h in Headers */,
				0045D4BB15439E8B006BCC22 /* eval_intern.h in Headers */,
				0045D4BC15439E8B006BCC22 /* gc.h in Headers */,
				0045D4BD15439E8B006BCC22 /* irep.h in Headers */,
				0045D4BE15439E8B006BCC22 /* method.h in Headers */,
				0045D4BF15439E8B006BCC22 /* name2ctype.h in Headers */,
				0045D4C015439E8B006BCC22 /* node.h in Headers */,
				0045D4C115439E8B006BCC22 /* oniguruma.h in Headers */,
				0045D4C215439E8B006BCC22 /* opcode.h in Headers */,
				0045D4C315439E8B006BCC22 /* pool.h in Headers */,
				0045D4C415439E8B006BCC22 /* re.h in Headers */,
				0045D4C515439E8B006BCC22 /* regenc.h in Headers */,
				0045D4C615439E8B006BCC22 /* regex.h in Headers */,
				0045D4C715439E8B006BCC22 /* regint.h in Headers */,
				0045D4C815439E8B006BCC22 /* regparse.h in Headers */,
				0045D4C915439E8B006BCC22 /* ritehash.h in Headers */,
				0045D4CA15439E8B006BCC22 /* st.h in Headers */,
				0045D4CB15439E8B006BCC22 /* transcode_data.h in Headers */,
				0045D4CC15439E8B006BCC22 /* variable.h in Headers */,
				0045D4CD15439E8B006BCC22 /* version.h in Headers */,
				0045D4CE15439E8B006BCC22 /* vm_core.h in Headers */,
				0045D5211543A074006BCC22 /* mrbconf.h in Headers */,
				0045D5221543A074006BCC22 /* mruby.h in Headers */,
				0045D5231543A074006BCC22 /* array.h in Headers */,
				0045D5241543A074006BCC22 /* class.h in Headers */,
				0045D5251543A074006BCC22 /* data.h in Headers */,
				0045D5261543A074006BCC22 /* hash.h in Headers */,
				0045D5271543A074006BCC22 /* numeric.h in Headers */,
				0045D5281543A074006BCC22 /* object.h in Headers */,
				0045D5291543A074006BCC22 /* proc.h in Headers */,
				0045D52A1543A074006BCC22 /* range.h in Headers */,
				0045D52B1543A074006BCC22 /* string.h in Headers */,
				0045D52C1543A074006BCC22 /* struct.h in Headers */,
			);
			runOnlyForDeploymentPostprocessing = 0;
		};
/* End PBXHeadersBuildPhase section */

/* Begin PBXNativeTarget section */
		0086608A154395A800B79257 /* mruby */ = {
			isa = PBXNativeTarget;
			buildConfigurationList = 008660AF154395A800B79257 /* Build configuration list for PBXNativeTarget "mruby" */;
			buildPhases = (
				00866087154395A800B79257 /* Sources */,
				00866088154395A800B79257 /* Frameworks */,
				00866089154395A800B79257 /* Headers */,
			);
			buildRules = (
			);
			dependencies = (
			);
			name = mruby;
			productName = mruby;
			productReference = 0086608B154395A800B79257 /* libmruby.a */;
			productType = "com.apple.product-type.library.static";
		};
		0086609A154395A800B79257 /* mrubyTests */ = {
			isa = PBXNativeTarget;
			buildConfigurationList = 008660B2154395A800B79257 /* Build configuration list for PBXNativeTarget "mrubyTests" */;
			buildPhases = (
				00866096154395A800B79257 /* Sources */,
				00866097154395A800B79257 /* Frameworks */,
				00866098154395A800B79257 /* Resources */,
				00866099154395A800B79257 /* ShellScript */,
			);
			buildRules = (
			);
			dependencies = (
				008660A2154395A800B79257 /* PBXTargetDependency */,
			);
			name = mrubyTests;
			productName = mrubyTests;
			productReference = 0086609B154395A800B79257 /* mrubyTests.octest */;
			productType = "com.apple.product-type.bundle";
		};
/* End PBXNativeTarget section */

/* Begin PBXProject section */
		00866082154395A800B79257 /* Project object */ = {
			isa = PBXProject;
			attributes = {
				LastUpgradeCheck = 0430;
			};
			buildConfigurationList = 00866085154395A800B79257 /* Build configuration list for PBXProject "mruby" */;
			compatibilityVersion = "Xcode 3.2";
			developmentRegion = English;
			hasScannedForEncodings = 0;
			knownRegions = (
				en,
			);
			mainGroup = 00866080154395A800B79257;
			productRefGroup = 0086608C154395A800B79257 /* Products */;
			projectDirPath = "";
			projectRoot = "";
			targets = (
				0086608A154395A800B79257 /* mruby */,
				0086609A154395A800B79257 /* mrubyTests */,
			);
		};
/* End PBXProject section */

/* Begin PBXResourcesBuildPhase section */
		00866098154395A800B79257 /* Resources */ = {
			isa = PBXResourcesBuildPhase;
			buildActionMask = 2147483647;
			files = (
				008660A9154395A800B79257 /* InfoPlist.strings in Resources */,
			);
			runOnlyForDeploymentPostprocessing = 0;
		};
/* End PBXResourcesBuildPhase section */

/* Begin PBXShellScriptBuildPhase section */
		00866099154395A800B79257 /* ShellScript */ = {
			isa = PBXShellScriptBuildPhase;
			buildActionMask = 2147483647;
			files = (
			);
			inputPaths = (
			);
			outputPaths = (
			);
			runOnlyForDeploymentPostprocessing = 0;
			shellPath = /bin/sh;
			shellScript = "# Run the unit tests in this test bundle.\n\"${SYSTEM_DEVELOPER_DIR}/Tools/RunUnitTests\"\n";
		};
/* End PBXShellScriptBuildPhase section */

/* Begin PBXSourcesBuildPhase section */
		00866087154395A800B79257 /* Sources */ = {
			isa = PBXSourcesBuildPhase;
			buildActionMask = 2147483647;
			files = (
				00866095154395A800B79257 /* mruby-ios.m in Sources */,
				0045D46915439911006BCC22 /* hello.c in Sources */,
				0045D4CF15439E8B006BCC22 /* array.c in Sources */,
				0045D4D015439E8B006BCC22 /* ascii.c in Sources */,
				0045D4D115439E8B006BCC22 /* cdump.c in Sources */,
				0045D4D215439E8B006BCC22 /* class.c in Sources */,
				0045D4D315439E8B006BCC22 /* codegen.c in Sources */,
				0045D4D415439E8B006BCC22 /* compar.c in Sources */,
				0045D4D515439E8B006BCC22 /* crc.c in Sources */,
				0045D4D615439E8B006BCC22 /* dump.c in Sources */,
				0045D4D715439E8B006BCC22 /* encoding.c in Sources */,
				0045D4D815439E8B006BCC22 /* enum.c in Sources */,
				0045D4D915439E8B006BCC22 /* error.c in Sources */,
				0045D4DA15439E8B006BCC22 /* etc.c in Sources */,
				0045D4DB15439E8B006BCC22 /* gc.c in Sources */,
				0045D4DC15439E8B006BCC22 /* hash.c in Sources */,
				0045D4DD15439E8B006BCC22 /* init_ext.c in Sources */,
				0045D4DE15439E8B006BCC22 /* init.c in Sources */,
				0045D4DF15439E8B006BCC22 /* kernel.c in Sources */,
				0045D4E015439E8B006BCC22 /* load.c in Sources */,
				0045D4E115439E8B006BCC22 /* minimain.c in Sources */,
				0045D4E215439E8B006BCC22 /* numeric.c in Sources */,
				0045D4E315439E8B006BCC22 /* object.c in Sources */,
				0045D4E415439E8B006BCC22 /* pool.c in Sources */,
				0045D4E515439E8B006BCC22 /* print.c in Sources */,
				0045D4E615439E8B006BCC22 /* proc.c in Sources */,
				0045D4E715439E8B006BCC22 /* range.c in Sources */,
				0045D4E815439E8B006BCC22 /* re.c in Sources */,
				0045D4E915439E8B006BCC22 /* regcomp.c in Sources */,
				0045D4EA15439E8B006BCC22 /* regenc.c in Sources */,
				0045D4EB15439E8B006BCC22 /* regerror.c in Sources */,
				0045D4EC15439E8B006BCC22 /* regexec.c in Sources */,
				0045D4ED15439E8B006BCC22 /* regparse.c in Sources */,
				0045D4EE15439E8B006BCC22 /* sprintf.c in Sources */,
				0045D4EF15439E8B006BCC22 /* st.c in Sources */,
				0045D4F015439E8B006BCC22 /* state.c in Sources */,
				0045D4F115439E8B006BCC22 /* string.c in Sources */,
				0045D4F215439E8B006BCC22 /* struct.c in Sources */,
				0045D4F315439E8B006BCC22 /* symbol.c in Sources */,
				0045D4F415439E8B006BCC22 /* transcode.c in Sources */,
				0045D4F515439E8B006BCC22 /* unicode.c in Sources */,
				0045D4F615439E8B006BCC22 /* us_ascii.c in Sources */,
				0045D4F715439E8B006BCC22 /* utf_8.c in Sources */,
				0045D4F815439E8B006BCC22 /* variable.c in Sources */,
				0045D4F915439E8B006BCC22 /* version.c in Sources */,
				0045D4FA15439E8B006BCC22 /* vm.c in Sources */,
				0045D52E1543A4B9006BCC22 /* y.tab.c in Sources */,
				00C424621543B277005F714D /* mrblib.c in Sources */,
			);
			runOnlyForDeploymentPostprocessing = 0;
		};
		00866096154395A800B79257 /* Sources */ = {
			isa = PBXSourcesBuildPhase;
			buildActionMask = 2147483647;
			files = (
				008660AC154395A800B79257 /* mrubyTests.m in Sources */,
			);
			runOnlyForDeploymentPostprocessing = 0;
		};
/* End PBXSourcesBuildPhase section */

/* Begin PBXTargetDependency section */
		008660A2154395A800B79257 /* PBXTargetDependency */ = {
			isa = PBXTargetDependency;
			target = 0086608A154395A800B79257 /* mruby */;
			targetProxy = 008660A1154395A800B79257 /* PBXContainerItemProxy */;
		};
/* End PBXTargetDependency section */

/* Begin PBXVariantGroup section */
		008660A7154395A800B79257 /* InfoPlist.strings */ = {
			isa = PBXVariantGroup;
			children = (
				008660A8154395A800B79257 /* en */,
			);
			name = InfoPlist.strings;
			sourceTree = "<group>";
		};
/* End PBXVariantGroup section */

/* Begin XCBuildConfiguration section */
		008660AD154395A800B79257 /* Debug */ = {
			isa = XCBuildConfiguration;
			buildSettings = {
				ALWAYS_SEARCH_USER_PATHS = NO;
				ARCHS = "$(ARCHS_STANDARD_32_BIT)";
				CLANG_ENABLE_OBJC_ARC = YES;
				COPY_PHASE_STRIP = NO;
				GCC_C_LANGUAGE_STANDARD = gnu99;
				GCC_DYNAMIC_NO_PIC = NO;
				GCC_OPTIMIZATION_LEVEL = 0;
				GCC_PREPROCESSOR_DEFINITIONS = (
					"DEBUG=1",
					"$(inherited)",
				);
				GCC_SYMBOLS_PRIVATE_EXTERN = NO;
				GCC_VERSION = com.apple.compilers.llvm.clang.1_0;
				GCC_WARN_ABOUT_RETURN_TYPE = YES;
				GCC_WARN_UNINITIALIZED_AUTOS = YES;
				GCC_WARN_UNUSED_VARIABLE = YES;
				IPHONEOS_DEPLOYMENT_TARGET = 5.0;
				SDKROOT = iphoneos;
			};
			name = Debug;
		};
		008660AE154395A800B79257 /* Release */ = {
			isa = XCBuildConfiguration;
			buildSettings = {
				ALWAYS_SEARCH_USER_PATHS = NO;
				ARCHS = "$(ARCHS_STANDARD_32_BIT)";
				CLANG_ENABLE_OBJC_ARC = YES;
				COPY_PHASE_STRIP = YES;
				GCC_C_LANGUAGE_STANDARD = gnu99;
				GCC_VERSION = com.apple.compilers.llvm.clang.1_0;
				GCC_WARN_ABOUT_RETURN_TYPE = YES;
				GCC_WARN_UNINITIALIZED_AUTOS = YES;
				GCC_WARN_UNUSED_VARIABLE = YES;
				IPHONEOS_DEPLOYMENT_TARGET = 5.0;
				SDKROOT = iphoneos;
				VALIDATE_PRODUCT = YES;
			};
			name = Release;
		};
		008660B0154395A800B79257 /* Debug */ = {
			isa = XCBuildConfiguration;
			buildSettings = {
				DSTROOT = /tmp/mruby.dst;
				GCC_PRECOMPILE_PREFIX_HEADER = YES;
				GCC_PREFIX_HEADER = "mruby/mruby-Prefix.pch";
				OTHER_LDFLAGS = "-ObjC";
				PRODUCT_NAME = "$(TARGET_NAME)";
				SKIP_INSTALL = YES;
			};
			name = Debug;
		};
		008660B1154395A800B79257 /* Release */ = {
			isa = XCBuildConfiguration;
			buildSettings = {
				DSTROOT = /tmp/mruby.dst;
				GCC_PRECOMPILE_PREFIX_HEADER = YES;
				GCC_PREFIX_HEADER = "mruby/mruby-Prefix.pch";
				OTHER_LDFLAGS = "-ObjC";
				PRODUCT_NAME = "$(TARGET_NAME)";
				SKIP_INSTALL = YES;
			};
			name = Release;
		};
		008660B3154395A800B79257 /* Debug */ = {
			isa = XCBuildConfiguration;
			buildSettings = {
				FRAMEWORK_SEARCH_PATHS = (
					"$(SDKROOT)/Developer/Library/Frameworks",
					"$(DEVELOPER_LIBRARY_DIR)/Frameworks",
				);
				GCC_PRECOMPILE_PREFIX_HEADER = YES;
				GCC_PREFIX_HEADER = "mruby/mruby-Prefix.pch";
				INFOPLIST_FILE = "mrubyTests/mrubyTests-Info.plist";
				PRODUCT_NAME = "$(TARGET_NAME)";
				WRAPPER_EXTENSION = octest;
			};
			name = Debug;
		};
		008660B4154395A800B79257 /* Release */ = {
			isa = XCBuildConfiguration;
			buildSettings = {
				FRAMEWORK_SEARCH_PATHS = (
					"$(SDKROOT)/Developer/Library/Frameworks",
					"$(DEVELOPER_LIBRARY_DIR)/Frameworks",
				);
				GCC_PRECOMPILE_PREFIX_HEADER = YES;
				GCC_PREFIX_HEADER = "mruby/mruby-Prefix.pch";
				INFOPLIST_FILE = "mrubyTests/mrubyTests-Info.plist";
				PRODUCT_NAME = "$(TARGET_NAME)";
				WRAPPER_EXTENSION = octest;
			};
			name = Release;
		};
/* End XCBuildConfiguration section */

/* Begin XCConfigurationList section */
		00866085154395A800B79257 /* Build configuration list for PBXProject "mruby" */ = {
			isa = XCConfigurationList;
			buildConfigurations = (
				008660AD154395A800B79257 /* Debug */,
				008660AE154395A800B79257 /* Release */,
			);
			defaultConfigurationIsVisible = 0;
			defaultConfigurationName = Release;
		};
		008660AF154395A800B79257 /* Build configuration list for PBXNativeTarget "mruby" */ = {
			isa = XCConfigurationList;
			buildConfigurations = (
				008660B0154395A800B79257 /* Debug */,
				008660B1154395A800B79257 /* Release */,
			);
			defaultConfigurationIsVisible = 0;
			defaultConfigurationName = Release;
		};
		008660B2154395A800B79257 /* Build configuration list for PBXNativeTarget "mrubyTests" */ = {
			isa = XCConfigurationList;
			buildConfigurations = (
				008660B3154395A800B79257 /* Debug */,
				008660B4154395A800B79257 /* Release */,
			);
			defaultConfigurationIsVisible = 0;
			defaultConfigurationName = Release;
		};
/* End XCConfigurationList section */
	};
	rootObject = 00866082154395A800B79257 /* Project object */;
}
